# THIS IS AN AUTOGENERATED FILE. DO NOT EDIT THIS FILE DIRECTLY.
# yarn lockfile v1


"@jsonjoy.com/base64@^1.1.1":
  version "1.1.2"
  resolved "https://registry.yarnpkg.com/@jsonjoy.com/base64/-/base64-1.1.2.tgz#cf8ea9dcb849b81c95f14fc0aaa151c6b54d2578"
  integrity sha512-q6XAnWQDIMA3+FTiOYajoYqySkO+JSat0ytXGSuRdq9uXE7o92gzuQwQM14xaCRlBLGq3v5miDGC4vkVTn54xA==

"@jsonjoy.com/json-pack@^1.0.3":
  version "1.1.1"
  resolved "https://registry.yarnpkg.com/@jsonjoy.com/json-pack/-/json-pack-1.1.1.tgz#1f2db19ab1fd3304ccac259a1ef1dc6aff6df0ba"
  integrity sha512-osjeBqMJ2lb/j/M8NCPjs1ylqWIcTRTycIhVB5pt6LgzgeRSb0YRZ7j9RfA8wIUrsr/medIuhVyonXRZWLyfdw==
  dependencies:
    "@jsonjoy.com/base64" "^1.1.1"
    "@jsonjoy.com/util" "^1.1.2"
    hyperdyperid "^1.2.0"
    thingies "^1.20.0"

"@jsonjoy.com/util@^1.1.2", "@jsonjoy.com/util@^1.3.0":
  version "1.5.0"
  resolved "https://registry.yarnpkg.com/@jsonjoy.com/util/-/util-1.5.0.tgz#6008e35b9d9d8ee27bc4bfaa70c8cbf33a537b4c"
  integrity sha512-ojoNsrIuPI9g6o8UxhraZQSyF2ByJanAY4cTFbc8Mf2AXEF4aQRGY1dJxyJpuyav8r9FGflEt/Ff3u5Nt6YMPA==

hyperdyperid@^1.2.0:
  version "1.2.0"
  resolved "https://registry.yarnpkg.com/hyperdyperid/-/hyperdyperid-1.2.0.tgz#59668d323ada92228d2a869d3e474d5a33b69e6b"
  integrity sha512-Y93lCzHYgGWdrJ66yIktxiaGULYc6oGiABxhcO5AufBeOyoIdZF7bIfLaOrbM0iGIOXQQgxxRrFEnb+Y6w1n4A==

memfs@memfs@^4.15.1:
  version "4.17.0"
  resolved "https://registry.yarnpkg.com/memfs/-/memfs-4.17.0.tgz#a3c4b5490b9b1e7df5d433adc163e08208ce7ca2"
  integrity sha512-4eirfZ7thblFmqFjywlTmuWVSvccHAJbn1r8qQLzmTO11qcqpohOjmY2mFce6x7x7WtskzRqApPD0hv+Oa74jg==
  dependencies:
    "@jsonjoy.com/json-pack" "^1.0.3"
    "@jsonjoy.com/util" "^1.3.0"
    tree-dump "^1.0.1"
    tslib "^2.0.0"

thingies@^1.20.0:
  version "1.21.0"
  resolved "https://registry.yarnpkg.com/thingies/-/thingies-1.21.0.tgz#e80fbe58fd6fdaaab8fad9b67bd0a5c943c445c1"
  integrity sha512-hsqsJsFMsV+aD4s3CWKk85ep/3I9XzYV/IXaSouJMYIoDlgyi11cBhsqYe9/geRfB0YIikBQg6raRaM+nIMP9g==

tree-dump@^1.0.1:
  version "1.0.2"
  resolved "https://registry.yarnpkg.com/tree-dump/-/tree-dump-1.0.2.tgz#c460d5921caeb197bde71d0e9a7b479848c5b8ac"
  integrity sha512-dpev9ABuLWdEubk+cIaI9cHwRNNDjkBBLXTwI4UCUFdQ5xXKqNXoK4FEciw/vxf+NQ7Cb7sGUyeUtORvHIdRXQ==

tslib@^2.0.0:
  version "2.8.1"
  resolved "https://registry.yarnpkg.com/tslib/-/tslib-2.8.1.tgz#612efe4ed235d567e8aba5f2a5fab70280ade83f"
  integrity sha512-oJFu94HQb+KVduSUQL7wnpmqnfmLsOA/nAh6b6EH0wCEoK0/mPeXU6c3wKDV83MkOuHPRHtSXKKU99IBazS/2w==
