# THIS IS AN AUTOGENERATED FILE. DO NOT EDIT THIS FILE DIRECTLY.
# yarn lockfile v1


fs-monkey@1.0.3:
  version "1.0.3"
  resolved "https://registry.yarnpkg.com/fs-monkey/-/fs-monkey-1.0.3.tgz#ae3ac92d53bb328efe0e9a1d9541f6ad8d48e2d3"
  integrity sha512-cybjIfiiE+pTWicSCLFHSrXZ6EilF30oh91FDP9S2B051prEa7QWfrVTQm10/dDpswBDXZugPa1Ogu8Yh+HV0Q==

memfs@^3.2.2:
  version "3.2.2"
  resolved "https://registry.yarnpkg.com/memfs/-/memfs-3.2.2.tgz#5de461389d596e3f23d48bb7c2afb6161f4df40e"
  integrity sha512-RE0CwmIM3CEvpcdK3rZ19BC4E6hv9kADkMN5rPduRak58cNArWLi/9jFLsa4rhsjfVxMP3v0jO7FHXq7SvFY5Q==
  dependencies:
    fs-monkey "1.0.3"
